Microsoft Visual Studio Solution File, Format Version 11.00
# Visual Studio 2008

Project("{2CC0AB11-ED02-D1F2-60B5-C6E5AA220B5B}") = "Don't Fall", "Assembly-CSharp.csproj", "{06DEA7C8-3E1E-0AED-F94A-6FE7983D923D}"
EndProject
Global
	GlobalSection(SolutionConfigurationPlatforms) = preSolution
		Debug|Any CPU = Debug|Any CPU
		Release|Any CPU = Release|Any CPU
	EndGlobalSection
	GlobalSection(ProjectConfigurationPlatforms) = postSolution
		{06DEA7C8-3E1E-0AED-F94A-6FE7983D923D}.Debug|Any CPU.ActiveCfg = Debug|Any CPU
		{06DEA7C8-3E1E-0AED-F94A-6FE7983D923D}.Debug|Any CPU.Build.0 = Debug|Any CPU
		{06DEA7C8-3E1E-0AED-F94A-6FE7983D923D}.Release|Any CPU.ActiveCfg = Release|Any CPU
		{06DEA7C8-3E1E-0AED-F94A-6FE7983D923D}.Release|Any CPU.Build.0 = Release|Any CPU
	EndGlobalSection
	GlobalSection(SolutionProperties) = preSolution
		HideSolutionNode = FALSE
	EndGlobalSection
	GlobalSection(MonoDevelopProperties) = preSolution
		StartupItem = Assembly-CSharp.csproj
	EndGlobalSection
EndGlobal
